
Microsoft Visual Studio Solution File, Format Version 12.00
# Visual Studio Version 17
VisualStudioVersion = 17.1.32210.238
MinimumVisualStudioVersion = 10.0.40219.1
Project("{FAE04EC0-301F-11D3-BF4B-00C04F79EFBC}") = "dowhile", "dowhile\dowhile.csproj", "{74AABB48-715C-41DD-9888-1FFCC6C47E15}"
EndProject
Global
	GlobalSection(SolutionConfigurationPlatforms) = preSolution
		Debug|Any CPU = Debug|Any CPU
		Release|Any CPU = Release|Any CPU
	EndGlobalSection
	GlobalSection(ProjectConfigurationPlatforms) = postSolution
		{74AABB48-715C-41DD-9888-1FFCC6C47E15}.Debug|Any CPU.ActiveCfg = Debug|Any CPU
		{74AABB48-715C-41DD-9888-1FFCC6C47E15}.Debug|Any CPU.Build.0 = Debug|Any CPU
		{74AABB48-715C-41DD-9888-1FFCC6C47E15}.Release|Any CPU.ActiveCfg = Release|Any CPU
		{74AABB48-715C-41DD-9888-1FFCC6C47E15}.Release|Any CPU.Build.0 = Release|Any CPU
	EndGlobalSection
	GlobalSection(SolutionProperties) = preSolution
		HideSolutionNode = FALSE
	EndGlobalSection
	GlobalSection(ExtensibilityGlobals) = postSolution
		SolutionGuid = {5AB2F9BD-CAA5-4CC6-8158-9579A5A1DE15}
	EndGlobalSection
EndGlobal
